
Microsoft Visual Studio Solution File, Format Version 12.00
# Visual Studio Version 16
VisualStudioVersion = 16.0.30104.148
MinimumVisualStudioVersion = 10.0.40219.1
Project("{9A19103F-16F7-4668-BE54-9A1E7A4F7556}") = "BT1", "BT1\BT1.csproj", "{9C2626A3-45D3-455E-9013-02684DF0887F}"
EndProject
Project("{9A19103F-16F7-4668-BE54-9A1E7A4F7556}") = "BT2", "BT2\BT2.csproj", "{9F2CCF24-9D33-4534-A9DB-F54608A8CB50}"
EndProject
Project("{FAE04EC0-301F-11D3-BF4B-00C04F79EFBC}") = "BT3", "BT3\BT3.csproj", "{CE110435-58B4-48B5-8EC4-4BFCBA0E54C1}"
EndProject
Project("{FAE04EC0-301F-11D3-BF4B-00C04F79EFBC}") = "BT4", "BT4\BT4.csproj", "{6A56002F-4C11-4C10-A2B6-928589B83BD1}"
EndProject
Global
	GlobalSection(SolutionConfigurationPlatforms) = preSolution
		Debug|Any CPU = Debug|Any CPU
		Release|Any CPU = Release|Any CPU
	EndGlobalSection
	GlobalSection(ProjectConfigurationPlatforms) = postSolution
		{9C2626A3-45D3-455E-9013-02684DF0887F}.Debug|Any CPU.ActiveCfg = Debug|Any CPU
		{9C2626A3-45D3-455E-9013-02684DF0887F}.Debug|Any CPU.Build.0 = Debug|Any CPU
		{9C2626A3-45D3-455E-9013-02684DF0887F}.Release|Any CPU.ActiveCfg = Release|Any CPU
		{9C2626A3-45D3-455E-9013-02684DF0887F}.Release|Any CPU.Build.0 = Release|Any CPU
		{9F2CCF24-9D33-4534-A9DB-F54608A8CB50}.Debug|Any CPU.ActiveCfg = Debug|Any CPU
		{9F2CCF24-9D33-4534-A9DB-F54608A8CB50}.Debug|Any CPU.Build.0 = Debug|Any CPU
		{9F2CCF24-9D33-4534-A9DB-F54608A8CB50}.Release|Any CPU.ActiveCfg = Release|Any CPU
		{9F2CCF24-9D33-4534-A9DB-F54608A8CB50}.Release|Any CPU.Build.0 = Release|Any CPU
		{CE110435-58B4-48B5-8EC4-4BFCBA0E54C1}.Debug|Any CPU.ActiveCfg = Debug|Any CPU
		{CE110435-58B4-48B5-8EC4-4BFCBA0E54C1}.Debug|Any CPU.Build.0 = Debug|Any CPU
		{CE110435-58B4-48B5-8EC4-4BFCBA0E54C1}.Release|Any CPU.ActiveCfg = Release|Any CPU
		{CE110435-58B4-48B5-8EC4-4BFCBA0E54C1}.Release|Any CPU.Build.0 = Release|Any CPU
		{6A56002F-4C11-4C10-A2B6-928589B83BD1}.Debug|Any CPU.ActiveCfg = Debug|Any CPU
		{6A56002F-4C11-4C10-A2B6-928589B83BD1}.Debug|Any CPU.Build.0 = Debug|Any CPU
		{6A56002F-4C11-4C10-A2B6-928589B83BD1}.Release|Any CPU.ActiveCfg = Release|Any CPU
		{6A56002F-4C11-4C10-A2B6-928589B83BD1}.Release|Any CPU.Build.0 = Release|Any CPU
	EndGlobalSection
	GlobalSection(SolutionProperties) = preSolution
		HideSolutionNode = FALSE
	EndGlobalSection
	GlobalSection(ExtensibilityGlobals) = postSolution
		SolutionGuid = {A0CB6EBC-B091-4AC6-BC78-BFFA670A4369}
	EndGlobalSection
EndGlobal
