
Microsoft Visual Studio Solution File, Format Version 12.00
# Visual Studio 15
VisualStudioVersion = 15.0.28307.1231
MinimumVisualStudioVersion = 10.0.40219.1
Project("{FAE04EC0-301F-11D3-BF4B-00C04F79EFBC}") = "QLLOPHOC", "QLLOPHOC\QLLOPHOC.csproj", "{F2394DC7-51C1-40B9-827E-385A2A30179B}"
EndProject
Global
	GlobalSection(SolutionConfigurationPlatforms) = preSolution
		Debug|Any CPU = Debug|Any CPU
		Release|Any CPU = Release|Any CPU
	EndGlobalSection
	GlobalSection(ProjectConfigurationPlatforms) = postSolution
		{F2394DC7-51C1-40B9-827E-385A2A30179B}.Debug|Any CPU.ActiveCfg = Debug|Any CPU
		{F2394DC7-51C1-40B9-827E-385A2A30179B}.Debug|Any CPU.Build.0 = Debug|Any CPU
		{F2394DC7-51C1-40B9-827E-385A2A30179B}.Release|Any CPU.ActiveCfg = Release|Any CPU
		{F2394DC7-51C1-40B9-827E-385A2A30179B}.Release|Any CPU.Build.0 = Release|Any CPU
	EndGlobalSection
	GlobalSection(SolutionProperties) = preSolution
		HideSolutionNode = FALSE
	EndGlobalSection
	GlobalSection(ExtensibilityGlobals) = postSolution
		SolutionGuid = {9D749961-1715-405F-A322-8B8AE39E80B8}
	EndGlobalSection
EndGlobal
