
Microsoft Visual Studio Solution File, Format Version 12.00
# Visual Studio Version 16
VisualStudioVersion = 16.0.30104.148
MinimumVisualStudioVersion = 10.0.40219.1
Project("{FAE04EC0-301F-11D3-BF4B-00C04F79EFBC}") = "BT1", "BT1\BT1.csproj", "{BB80B4A0-1C2A-4C38-95F7-576CD47A903D}"
EndProject
Global
	GlobalSection(SolutionConfigurationPlatforms) = preSolution
		Debug|Any CPU = Debug|Any CPU
		Release|Any CPU = Release|Any CPU
	EndGlobalSection
	GlobalSection(ProjectConfigurationPlatforms) = postSolution
		{BB80B4A0-1C2A-4C38-95F7-576CD47A903D}.Debug|Any CPU.ActiveCfg = Debug|Any CPU
		{BB80B4A0-1C2A-4C38-95F7-576CD47A903D}.Debug|Any CPU.Build.0 = Debug|Any CPU
		{BB80B4A0-1C2A-4C38-95F7-576CD47A903D}.Release|Any CPU.ActiveCfg = Release|Any CPU
		{BB80B4A0-1C2A-4C38-95F7-576CD47A903D}.Release|Any CPU.Build.0 = Release|Any CPU
	EndGlobalSection
	GlobalSection(SolutionProperties) = preSolution
		HideSolutionNode = FALSE
	EndGlobalSection
	GlobalSection(ExtensibilityGlobals) = postSolution
		SolutionGuid = {14ADC56C-D6A3-4B4F-A9CA-871C9F2C252A}
	EndGlobalSection
EndGlobal
